// !$*UTF8*$!
{
	archiveVersion = 1;
	classes = {
	};
	objectVersion = 55;
	objects = {

/* Begin PBXBuildFile section */
		16316FCB2887325E00AA413C /* main.swift in Sources */ = {isa = PBXBuildFile; fileRef = 16316FCA2887325E00AA413C /* main.swift */; };
		16316FD328873C7E00AA413C /* Lecture1.swift in Sources */ = {isa = PBXBuildFile; fileRef = 16316FD228873C7E00AA413C /* Lecture1.swift */; };
		16316FD52888576900AA413C /* Lecture2.swift in Sources */ = {isa = PBXBuildFile; fileRef = 16316FD42888576900AA413C /* Lecture2.swift */; };
		16316FD72889DE0A00AA413C /* Lecture3.swift in Sources */ = {isa = PBXBuildFile; fileRef = 16316FD62889DE0A00AA413C /* Lecture3.swift */; };
		165467EB2D9DC6140027E4F0 /* RemoveDuplicatesFromSortedArray.swift in Sources */ = {isa = PBXBuildFile; fileRef = 165467EA2D9DC6140027E4F0 /* RemoveDuplicatesFromSortedArray.swift */; };
		165467ED2D9DCACF0027E4F0 /* MajorityElement.swift in Sources */ = {isa = PBXBuildFile; fileRef = 165467EC2D9DCACF0027E4F0 /* MajorityElement.swift */; };
		168961012D821D1D00F799FF /* MergeLinkedLists.swift in Sources */ = {isa = PBXBuildFile; fileRef = 168961002D821D1D00F799FF /* MergeLinkedLists.swift */; };
		168E47A52D7B8AD8003AC003 /* ReverseLinkedList.swift in Sources */ = {isa = PBXBuildFile; fileRef = 168E47A42D7B8AD8003AC003 /* ReverseLinkedList.swift */; };
		16954BB1288DBD1B00D7A8B9 /* Lecture5.swift in Sources */ = {isa = PBXBuildFile; fileRef = 16954BB0288DBD1B00D7A8B9 /* Lecture5.swift */; };
		16954BB3288DC2E600D7A8B9 /* Lecture6.swift in Sources */ = {isa = PBXBuildFile; fileRef = 16954BB2288DC2E600D7A8B9 /* Lecture6.swift */; };
		169CDBAC2D7A2DB800646A60 /* ReversedString.swift in Sources */ = {isa = PBXBuildFile; fileRef = 169CDBAB2D7A2DB800646A60 /* ReversedString.swift */; };
		169CDBAE2D7A343400646A60 /* DifferentStrings.swift in Sources */ = {isa = PBXBuildFile; fileRef = 169CDBAD2D7A343400646A60 /* DifferentStrings.swift */; };
		16B3B216288BF8AC00DEF32F /* Lecture4.swift in Sources */ = {isa = PBXBuildFile; fileRef = 16B3B215288BF8AC00DEF32F /* Lecture4.swift */; };
		16D444982D9F1CF600405F2C /* Saper.swift in Sources */ = {isa = PBXBuildFile; fileRef = 16D444972D9F1CF600405F2C /* Saper.swift */; };
		16D4449A2D9F235400405F2C /* Queue.swift in Sources */ = {isa = PBXBuildFile; fileRef = 16D444992D9F235400405F2C /* Queue.swift */; };
		16EA41DC2D8DFD32004AF94B /* TwoLinkedList.swift in Sources */ = {isa = PBXBuildFile; fileRef = 16EA41DB2D8DFD32004AF94B /* TwoLinkedList.swift */; };
/* End PBXBuildFile section */

/* Begin PBXCopyFilesBuildPhase section */
		16316FC52887325E00AA413C /* CopyFiles */ = {
			isa = PBXCopyFilesBuildPhase;
			buildActionMask = 2147483647;
			dstPath = /usr/share/man/man1/;
			dstSubfolderSpec = 0;
			files = (
			);
			runOnlyForDeploymentPostprocessing = 1;
		};
/* End PBXCopyFilesBuildPhase section */

/* Begin PBXFileReference section */
		16316FC72887325E00AA413C /* AlgorithmTraining */ = {isa = PBXFileReference; explicitFileType = "compiled.mach-o.executable"; includeInIndex = 0; path = AlgorithmTraining; sourceTree = BUILT_PRODUCTS_DIR; };
		16316FCA2887325E00AA413C /* main.swift */ = {isa = PBXFileReference; lastKnownFileType = sourcecode.swift; path = main.swift; sourceTree = "<group>"; };
		16316FD228873C7E00AA413C /* Lecture1.swift */ = {isa = PBXFileReference; lastKnownFileType = sourcecode.swift; path = Lecture1.swift; sourceTree = "<group>"; };
		16316FD42888576900AA413C /* Lecture2.swift */ = {isa = PBXFileReference; lastKnownFileType = sourcecode.swift; path = Lecture2.swift; sourceTree = "<group>"; };
		16316FD62889DE0A00AA413C /* Lecture3.swift */ = {isa = PBXFileReference; lastKnownFileType = sourcecode.swift; path = Lecture3.swift; sourceTree = "<group>"; };
		165467EA2D9DC6140027E4F0 /* RemoveDuplicatesFromSortedArray.swift */ = {isa = PBXFileReference; lastKnownFileType = sourcecode.swift; path = RemoveDuplicatesFromSortedArray.swift; sourceTree = "<group>"; };
		165467EC2D9DCACF0027E4F0 /* MajorityElement.swift */ = {isa = PBXFileReference; lastKnownFileType = sourcecode.swift; path = MajorityElement.swift; sourceTree = "<group>"; };
		168961002D821D1D00F799FF /* MergeLinkedLists.swift */ = {isa = PBXFileReference; lastKnownFileType = sourcecode.swift; path = MergeLinkedLists.swift; sourceTree = "<group>"; };
		168E47A42D7B8AD8003AC003 /* ReverseLinkedList.swift */ = {isa = PBXFileReference; lastKnownFileType = sourcecode.swift; path = ReverseLinkedList.swift; sourceTree = "<group>"; };
		16954BB0288DBD1B00D7A8B9 /* Lecture5.swift */ = {isa = PBXFileReference; lastKnownFileType = sourcecode.swift; path = Lecture5.swift; sourceTree = "<group>"; };
		16954BB2288DC2E600D7A8B9 /* Lecture6.swift */ = {isa = PBXFileReference; lastKnownFileType = sourcecode.swift; path = Lecture6.swift; sourceTree = "<group>"; };
		169CDBAB2D7A2DB800646A60 /* ReversedString.swift */ = {isa = PBXFileReference; lastKnownFileType = sourcecode.swift; path = ReversedString.swift; sourceTree = "<group>"; };
		169CDBAD2D7A343400646A60 /* DifferentStrings.swift */ = {isa = PBXFileReference; lastKnownFileType = sourcecode.swift; path = DifferentStrings.swift; sourceTree = "<group>"; };
		16B3B215288BF8AC00DEF32F /* Lecture4.swift */ = {isa = PBXFileReference; lastKnownFileType = sourcecode.swift; path = Lecture4.swift; sourceTree = "<group>"; };
		16D444972D9F1CF600405F2C /* Saper.swift */ = {isa = PBXFileReference; lastKnownFileType = sourcecode.swift; path = Saper.swift; sourceTree = "<group>"; };
		16D444992D9F235400405F2C /* Queue.swift */ = {isa = PBXFileReference; lastKnownFileType = sourcecode.swift; path = Queue.swift; sourceTree = "<group>"; };
		16EA41DB2D8DFD32004AF94B /* TwoLinkedList.swift */ = {isa = PBXFileReference; lastKnownFileType = sourcecode.swift; path = TwoLinkedList.swift; sourceTree = "<group>"; };
/* End PBXFileReference section */

/* Begin PBXFrameworksBuildPhase section */
		16316FC42887325E00AA413C /* Frameworks */ = {
			isa = PBXFrameworksBuildPhase;
			buildActionMask = 2147483647;
			files = (
			);
			runOnlyForDeploymentPostprocessing = 0;
		};
/* End PBXFrameworksBuildPhase section */

/* Begin PBXGroup section */
		16316FBE2887325E00AA413C = {
			isa = PBXGroup;
			children = (
				16316FC92887325E00AA413C /* AlgorithmTraining */,
				16316FC82887325E00AA413C /* Products */,
			);
			sourceTree = "<group>";
		};
		16316FC82887325E00AA413C /* Products */ = {
			isa = PBXGroup;
			children = (
				16316FC72887325E00AA413C /* AlgorithmTraining */,
			);
			name = Products;
			sourceTree = "<group>";
		};
		16316FC92887325E00AA413C /* AlgorithmTraining */ = {
			isa = PBXGroup;
			children = (
				169CDBAA2D7A2D9200646A60 /* SwiftBook */,
				16316FCA2887325E00AA413C /* main.swift */,
				16316FD1288735B100AA413C /* Lectures */,
			);
			path = AlgorithmTraining;
			sourceTree = "<group>";
		};
		16316FD1288735B100AA413C /* Lectures */ = {
			isa = PBXGroup;
			children = (
				16316FD228873C7E00AA413C /* Lecture1.swift */,
				16316FD42888576900AA413C /* Lecture2.swift */,
				16316FD62889DE0A00AA413C /* Lecture3.swift */,
				16B3B215288BF8AC00DEF32F /* Lecture4.swift */,
				16954BB0288DBD1B00D7A8B9 /* Lecture5.swift */,
				16954BB2288DC2E600D7A8B9 /* Lecture6.swift */,
			);
			path = Lectures;
			sourceTree = "<group>";
		};
		169CDBAA2D7A2D9200646A60 /* SwiftBook */ = {
			isa = PBXGroup;
			children = (
				169CDBAB2D7A2DB800646A60 /* ReversedString.swift */,
				16EA41DB2D8DFD32004AF94B /* TwoLinkedList.swift */,
				169CDBAD2D7A343400646A60 /* DifferentStrings.swift */,
				16D444992D9F235400405F2C /* Queue.swift */,
				168E47A42D7B8AD8003AC003 /* ReverseLinkedList.swift */,
				168961002D821D1D00F799FF /* MergeLinkedLists.swift */,
				165467EA2D9DC6140027E4F0 /* RemoveDuplicatesFromSortedArray.swift */,
				165467EC2D9DCACF0027E4F0 /* MajorityElement.swift */,
				16D444972D9F1CF600405F2C /* Saper.swift */,
			);
			path = SwiftBook;
			sourceTree = "<group>";
		};
/* End PBXGroup section */

/* Begin PBXNativeTarget section */
		16316FC62887325E00AA413C /* AlgorithmTraining */ = {
			isa = PBXNativeTarget;
			buildConfigurationList = 16316FCE2887325E00AA413C /* Build configuration list for PBXNativeTarget "AlgorithmTraining" */;
			buildPhases = (
				16316FC32887325E00AA413C /* Sources */,
				16316FC42887325E00AA413C /* Frameworks */,
				16316FC52887325E00AA413C /* CopyFiles */,
			);
			buildRules = (
			);
			dependencies = (
			);
			name = AlgorithmTraining;
			productName = AlgorithmTraining;
			productReference = 16316FC72887325E00AA413C /* AlgorithmTraining */;
			productType = "com.apple.product-type.tool";
		};
/* End PBXNativeTarget section */

/* Begin PBXProject section */
		16316FBF2887325E00AA413C /* Project object */ = {
			isa = PBXProject;
			attributes = {
				BuildIndependentTargetsInParallel = 1;
				LastSwiftUpdateCheck = 1340;
				LastUpgradeCheck = 1340;
				TargetAttributes = {
					16316FC62887325E00AA413C = {
						CreatedOnToolsVersion = 13.4.1;
					};
				};
			};
			buildConfigurationList = 16316FC22887325E00AA413C /* Build configuration list for PBXProject "AlgorithmTraining" */;
			compatibilityVersion = "Xcode 13.0";
			developmentRegion = en;
			hasScannedForEncodings = 0;
			knownRegions = (
				en,
				Base,
			);
			mainGroup = 16316FBE2887325E00AA413C;
			productRefGroup = 16316FC82887325E00AA413C /* Products */;
			projectDirPath = "";
			projectRoot = "";
			targets = (
				16316FC62887325E00AA413C /* AlgorithmTraining */,
			);
		};
/* End PBXProject section */

/* Begin PBXSourcesBuildPhase section */
		16316FC32887325E00AA413C /* Sources */ = {
			isa = PBXSourcesBuildPhase;
			buildActionMask = 2147483647;
			files = (
				16954BB3288DC2E600D7A8B9 /* Lecture6.swift in Sources */,
				16316FD72889DE0A00AA413C /* Lecture3.swift in Sources */,
				168E47A52D7B8AD8003AC003 /* ReverseLinkedList.swift in Sources */,
				165467ED2D9DCACF0027E4F0 /* MajorityElement.swift in Sources */,
				16D444982D9F1CF600405F2C /* Saper.swift in Sources */,
				168961012D821D1D00F799FF /* MergeLinkedLists.swift in Sources */,
				16316FD328873C7E00AA413C /* Lecture1.swift in Sources */,
				16954BB1288DBD1B00D7A8B9 /* Lecture5.swift in Sources */,
				16316FCB2887325E00AA413C /* main.swift in Sources */,
				16EA41DC2D8DFD32004AF94B /* TwoLinkedList.swift in Sources */,
				16316FD52888576900AA413C /* Lecture2.swift in Sources */,
				16D4449A2D9F235400405F2C /* Queue.swift in Sources */,
				169CDBAE2D7A343400646A60 /* DifferentStrings.swift in Sources */,
				169CDBAC2D7A2DB800646A60 /* ReversedString.swift in Sources */,
				16B3B216288BF8AC00DEF32F /* Lecture4.swift in Sources */,
				165467EB2D9DC6140027E4F0 /* RemoveDuplicatesFromSortedArray.swift in Sources */,
			);
			runOnlyForDeploymentPostprocessing = 0;
		};
/* End PBXSourcesBuildPhase section */

/* Begin XCBuildConfiguration section */
		16316FCC2887325E00AA413C /* Debug */ = {
			isa = XCBuildConfiguration;
			buildSettings = {
				ALWAYS_SEARCH_USER_PATHS = NO;
				CLANG_ANALYZER_NONNULL = YES;
				CLANG_ANALYZER_NUMBER_OBJECT_CONVERSION = YES_AGGRESSIVE;
				CLANG_CXX_LANGUAGE_STANDARD = "gnu++17";
				CLANG_ENABLE_MODULES = YES;
				CLANG_ENABLE_OBJC_ARC = YES;
				CLANG_ENABLE_OBJC_WEAK = YES;
				CLANG_WARN_BLOCK_CAPTURE_AUTORELEASING = YES;
				CLANG_WARN_BOOL_CONVERSION = YES;
				CLANG_WARN_COMMA = YES;
				CLANG_WARN_CONSTANT_CONVERSION = YES;
				CLANG_WARN_DEPRECATED_OBJC_IMPLEMENTATIONS = YES;
				CLANG_WARN_DIRECT_OBJC_ISA_USAGE = YES_ERROR;
				CLANG_WARN_DOCUMENTATION_COMMENTS = YES;
				CLANG_WARN_EMPTY_BODY = YES;
				CLANG_WARN_ENUM_CONVERSION = YES;
				CLANG_WARN_INFINITE_RECURSION = YES;
				CLANG_WARN_INT_CONVERSION = YES;
				CLANG_WARN_NON_LITERAL_NULL_CONVERSION = YES;
				CLANG_WARN_OBJC_IMPLICIT_RETAIN_SELF = YES;
				CLANG_WARN_OBJC_LITERAL_CONVERSION = YES;
				CLANG_WARN_OBJC_ROOT_CLASS = YES_ERROR;
				CLANG_WARN_QUOTED_INCLUDE_IN_FRAMEWORK_HEADER = YES;
				CLANG_WARN_RANGE_LOOP_ANALYSIS = YES;
				CLANG_WARN_STRICT_PROTOTYPES = YES;
				CLANG_WARN_SUSPICIOUS_MOVE = YES;
				CLANG_WARN_UNGUARDED_AVAILABILITY = YES_AGGRESSIVE;
				CLANG_WARN_UNREACHABLE_CODE = YES;
				CLANG_WARN__DUPLICATE_METHOD_MATCH = YES;
				COPY_PHASE_STRIP = NO;
				DEBUG_INFORMATION_FORMAT = dwarf;
				ENABLE_STRICT_OBJC_MSGSEND = YES;
				ENABLE_TESTABILITY = YES;
				GCC_C_LANGUAGE_STANDARD = gnu11;
				GCC_DYNAMIC_NO_PIC = NO;
				GCC_NO_COMMON_BLOCKS = YES;
				GCC_OPTIMIZATION_LEVEL = 0;
				GCC_PREPROCESSOR_DEFINITIONS = (
					"DEBUG=1",
					"$(inherited)",
				);
				GCC_WARN_64_TO_32_BIT_CONVERSION = YES;
				GCC_WARN_ABOUT_RETURN_TYPE = YES_ERROR;
				GCC_WARN_UNDECLARED_SELECTOR = YES;
				GCC_WARN_UNINITIALIZED_AUTOS = YES_AGGRESSIVE;
				GCC_WARN_UNUSED_FUNCTION = YES;
				GCC_WARN_UNUSED_VARIABLE = YES;
				MACOSX_DEPLOYMENT_TARGET = 12.3;
				MTL_ENABLE_DEBUG_INFO = INCLUDE_SOURCE;
				MTL_FAST_MATH = YES;
				ONLY_ACTIVE_ARCH = YES;
				SDKROOT = macosx;
				SWIFT_ACTIVE_COMPILATION_CONDITIONS = DEBUG;
				SWIFT_OPTIMIZATION_LEVEL = "-Onone";
			};
			name = Debug;
		};
		16316FCD2887325E00AA413C /* Release */ = {
			isa = XCBuildConfiguration;
			buildSettings = {
				ALWAYS_SEARCH_USER_PATHS = NO;
				CLANG_ANALYZER_NONNULL = YES;
				CLANG_ANALYZER_NUMBER_OBJECT_CONVERSION = YES_AGGRESSIVE;
				CLANG_CXX_LANGUAGE_STANDARD = "gnu++17";
				CLANG_ENABLE_MODULES = YES;
				CLANG_ENABLE_OBJC_ARC = YES;
				CLANG_ENABLE_OBJC_WEAK = YES;
				CLANG_WARN_BLOCK_CAPTURE_AUTORELEASING = YES;
				CLANG_WARN_BOOL_CONVERSION = YES;
				CLANG_WARN_COMMA = YES;
				CLANG_WARN_CONSTANT_CONVERSION = YES;
				CLANG_WARN_DEPRECATED_OBJC_IMPLEMENTATIONS = YES;
				CLANG_WARN_DIRECT_OBJC_ISA_USAGE = YES_ERROR;
				CLANG_WARN_DOCUMENTATION_COMMENTS = YES;
				CLANG_WARN_EMPTY_BODY = YES;
				CLANG_WARN_ENUM_CONVERSION = YES;
				CLANG_WARN_INFINITE_RECURSION = YES;
				CLANG_WARN_INT_CONVERSION = YES;
				CLANG_WARN_NON_LITERAL_NULL_CONVERSION = YES;
				CLANG_WARN_OBJC_IMPLICIT_RETAIN_SELF = YES;
				CLANG_WARN_OBJC_LITERAL_CONVERSION = YES;
				CLANG_WARN_OBJC_ROOT_CLASS = YES_ERROR;
				CLANG_WARN_QUOTED_INCLUDE_IN_FRAMEWORK_HEADER = YES;
				CLANG_WARN_RANGE_LOOP_ANALYSIS = YES;
				CLANG_WARN_STRICT_PROTOTYPES = YES;
				CLANG_WARN_SUSPICIOUS_MOVE = YES;
				CLANG_WARN_UNGUARDED_AVAILABILITY = YES_AGGRESSIVE;
				CLANG_WARN_UNREACHABLE_CODE = YES;
				CLANG_WARN__DUPLICATE_METHOD_MATCH = YES;
				COPY_PHASE_STRIP = NO;
				DEBUG_INFORMATION_FORMAT = "dwarf-with-dsym";
				ENABLE_NS_ASSERTIONS = NO;
				ENABLE_STRICT_OBJC_MSGSEND = YES;
				GCC_C_LANGUAGE_STANDARD = gnu11;
				GCC_NO_COMMON_BLOCKS = YES;
				GCC_WARN_64_TO_32_BIT_CONVERSION = YES;
				GCC_WARN_ABOUT_RETURN_TYPE = YES_ERROR;
				GCC_WARN_UNDECLARED_SELECTOR = YES;
				GCC_WARN_UNINITIALIZED_AUTOS = YES_AGGRESSIVE;
				GCC_WARN_UNUSED_FUNCTION = YES;
				GCC_WARN_UNUSED_VARIABLE = YES;
				MACOSX_DEPLOYMENT_TARGET = 12.3;
				MTL_ENABLE_DEBUG_INFO = NO;
				MTL_FAST_MATH = YES;
				SDKROOT = macosx;
				SWIFT_COMPILATION_MODE = wholemodule;
				SWIFT_OPTIMIZATION_LEVEL = "-O";
			};
			name = Release;
		};
		16316FCF2887325E00AA413C /* Debug */ = {
			isa = XCBuildConfiguration;
			buildSettings = {
				CODE_SIGN_STYLE = Automatic;
				DEVELOPMENT_TEAM = 83U559ZN6P;
				ENABLE_HARDENED_RUNTIME = YES;
				PRODUCT_NAME = "$(TARGET_NAME)";
				SWIFT_VERSION = 5.0;
			};
			name = Debug;
		};
		16316FD02887325E00AA413C /* Release */ = {
			isa = XCBuildConfiguration;
			buildSettings = {
				CODE_SIGN_STYLE = Automatic;
				DEVELOPMENT_TEAM = 83U559ZN6P;
				ENABLE_HARDENED_RUNTIME = YES;
				PRODUCT_NAME = "$(TARGET_NAME)";
				SWIFT_VERSION = 5.0;
			};
			name = Release;
		};
/* End XCBuildConfiguration section */

/* Begin XCConfigurationList section */
		16316FC22887325E00AA413C /* Build configuration list for PBXProject "AlgorithmTraining" */ = {
			isa = XCConfigurationList;
			buildConfigurations = (
				16316FCC2887325E00AA413C /* Debug */,
				16316FCD2887325E00AA413C /* Release */,
			);
			defaultConfigurationIsVisible = 0;
			defaultConfigurationName = Release;
		};
		16316FCE2887325E00AA413C /* Build configuration list for PBXNativeTarget "AlgorithmTraining" */ = {
			isa = XCConfigurationList;
			buildConfigurations = (
				16316FCF2887325E00AA413C /* Debug */,
				16316FD02887325E00AA413C /* Release */,
			);
			defaultConfigurationIsVisible = 0;
			defaultConfigurationName = Release;
		};
/* End XCConfigurationList section */
	};
	rootObject = 16316FBF2887325E00AA413C /* Project object */;
}
